
Microsoft Visual Studio Solution File, Format Version 12.00
# Visual Studio Version 17
VisualStudioVersion = 17.8.34511.84
MinimumVisualStudioVersion = 10.0.40219.1
Project("{FAE04EC0-301F-11D3-BF4B-00C04F79EFBC}") = "NotiChannelParser", "NotiChannelParser.csproj", "{268FBB65-D99D-4D61-A619-3E5849816484}"
EndProject
Global
	GlobalSection(SolutionConfigurationPlatforms) = preSolution
		Debug|Any CPU = Debug|Any CPU
		Release|Any CPU = Release|Any CPU
	EndGlobalSection
	GlobalSection(ProjectConfigurationPlatforms) = postSolution
		{268FBB65-D99D-4D61-A619-3E5849816484}.Debug|Any CPU.ActiveCfg = Debug|Any CPU
		{268FBB65-D99D-4D61-A619-3E5849816484}.Debug|Any CPU.Build.0 = Debug|Any CPU
		{268FBB65-D99D-4D61-A619-3E5849816484}.Release|Any CPU.ActiveCfg = Release|Any CPU
		{268FBB65-D99D-4D61-A619-3E5849816484}.Release|Any CPU.Build.0 = Release|Any CPU
	EndGlobalSection
	GlobalSection(SolutionProperties) = preSolution
		HideSolutionNode = FALSE
	EndGlobalSection
	GlobalSection(ExtensibilityGlobals) = postSolution
		SolutionGuid = {6AB5D18D-CB2C-4B1B-80AA-A7BE1C9C9757}
	EndGlobalSection
EndGlobal
